
Microsoft Visual Studio Solution File, Format Version 12.00
# Visual Studio 15
VisualStudioVersion = 15.0.27130.2010
MinimumVisualStudioVersion = 10.0.40219.1
Project("{FAE04EC0-301F-11D3-BF4B-00C04F79EFBC}") = "CityBikeNYC", "CityBikeNYC\CityBikeNYC.csproj", "{50C2A633-047C-45FB-87E0-754AE0CCAD30}"
EndProject
Project("{FAE04EC0-301F-11D3-BF4B-00C04F79EFBC}") = "CityBikeNYC.BR", "CityBikeNYC.BR\CityBikeNYC.BR.csproj", "{5992B647-43EF-4651-BB50-F5A000D88C12}"
EndProject
Project("{FAE04EC0-301F-11D3-BF4B-00C04F79EFBC}") = "CityBikeNYC.Utilities", "CityBikeNYC.Utilities\CityBikeNYC.Utilities.csproj", "{36769366-828F-4E87-B59E-E985F43314C5}"
EndProject
Project("{FAE04EC0-301F-11D3-BF4B-00C04F79EFBC}") = "CityBikeNYC.Data", "CityBikeNYC.Data\CityBikeNYC.Data.csproj", "{E6A2A794-3404-4A9A-923E-43715EFBA228}"
EndProject
Global
	GlobalSection(SolutionConfigurationPlatforms) = preSolution
		Debug|Any CPU = Debug|Any CPU
		Release|Any CPU = Release|Any CPU
	EndGlobalSection
	GlobalSection(ProjectConfigurationPlatforms) = postSolution
		{50C2A633-047C-45FB-87E0-754AE0CCAD30}.Debug|Any CPU.ActiveCfg = Debug|Any CPU
		{50C2A633-047C-45FB-87E0-754AE0CCAD30}.Debug|Any CPU.Build.0 = Debug|Any CPU
		{50C2A633-047C-45FB-87E0-754AE0CCAD30}.Release|Any CPU.ActiveCfg = Release|Any CPU
		{50C2A633-047C-45FB-87E0-754AE0CCAD30}.Release|Any CPU.Build.0 = Release|Any CPU
		{5992B647-43EF-4651-BB50-F5A000D88C12}.Debug|Any CPU.ActiveCfg = Debug|Any CPU
		{5992B647-43EF-4651-BB50-F5A000D88C12}.Debug|Any CPU.Build.0 = Debug|Any CPU
		{5992B647-43EF-4651-BB50-F5A000D88C12}.Release|Any CPU.ActiveCfg = Release|Any CPU
		{5992B647-43EF-4651-BB50-F5A000D88C12}.Release|Any CPU.Build.0 = Release|Any CPU
		{36769366-828F-4E87-B59E-E985F43314C5}.Debug|Any CPU.ActiveCfg = Debug|Any CPU
		{36769366-828F-4E87-B59E-E985F43314C5}.Debug|Any CPU.Build.0 = Debug|Any CPU
		{36769366-828F-4E87-B59E-E985F43314C5}.Release|Any CPU.ActiveCfg = Release|Any CPU
		{36769366-828F-4E87-B59E-E985F43314C5}.Release|Any CPU.Build.0 = Release|Any CPU
		{E6A2A794-3404-4A9A-923E-43715EFBA228}.Debug|Any CPU.ActiveCfg = Debug|Any CPU
		{E6A2A794-3404-4A9A-923E-43715EFBA228}.Debug|Any CPU.Build.0 = Debug|Any CPU
		{E6A2A794-3404-4A9A-923E-43715EFBA228}.Release|Any CPU.ActiveCfg = Release|Any CPU
		{E6A2A794-3404-4A9A-923E-43715EFBA228}.Release|Any CPU.Build.0 = Release|Any CPU
	EndGlobalSection
	GlobalSection(SolutionProperties) = preSolution
		HideSolutionNode = FALSE
	EndGlobalSection
	GlobalSection(ExtensibilityGlobals) = postSolution
		SolutionGuid = {EE14406C-B4D1-4008-931E-CBBE63B60C23}
	EndGlobalSection
EndGlobal
